
Microsoft Visual Studio Solution File, Format Version 12.00
# Visual Studio Version 17
VisualStudioVersion = 17.8.34330.188
MinimumVisualStudioVersion = 10.0.40219.1
Project("{FAE04EC0-301F-11D3-BF4B-00C04F79EFBC}") = "7", "7\7.csproj", "{78F65F17-9024-4D11-9233-04B44440D982}"
EndProject
Global
	GlobalSection(SolutionConfigurationPlatforms) = preSolution
		Debug|Any CPU = Debug|Any CPU
		Release|Any CPU = Release|Any CPU
	EndGlobalSection
	GlobalSection(ProjectConfigurationPlatforms) = postSolution
		{78F65F17-9024-4D11-9233-04B44440D982}.Debug|Any CPU.ActiveCfg = Debug|Any CPU
		{78F65F17-9024-4D11-9233-04B44440D982}.Debug|Any CPU.Build.0 = Debug|Any CPU
		{78F65F17-9024-4D11-9233-04B44440D982}.Release|Any CPU.ActiveCfg = Release|Any CPU
		{78F65F17-9024-4D11-9233-04B44440D982}.Release|Any CPU.Build.0 = Release|Any CPU
	EndGlobalSection
	GlobalSection(SolutionProperties) = preSolution
		HideSolutionNode = FALSE
	EndGlobalSection
	GlobalSection(ExtensibilityGlobals) = postSolution
		SolutionGuid = {CF7467E6-FC7B-4F3A-A154-9A4B28268EC4}
	EndGlobalSection
EndGlobal
